
Microsoft Visual Studio Solution File, Format Version 11.00
# Visual Studio 2010
# SharpDevelop 5.0
Project("{FAE04EC0-301F-11D3-BF4B-00C04F79EFBC}") = "SimpleGame", "SimpleGame.csproj", "{9CDA0A1B-7206-4D30-8B44-B507CF072F4E}"
EndProject
Global
	GlobalSection(SolutionConfigurationPlatforms) = preSolution
		Debug|Any CPU = Debug|Any CPU
		Release|Any CPU = Release|Any CPU
	EndGlobalSection
	GlobalSection(ProjectConfigurationPlatforms) = postSolution
		{9CDA0A1B-7206-4D30-8B44-B507CF072F4E}.Debug|Any CPU.ActiveCfg = Debug|Any CPU
		{9CDA0A1B-7206-4D30-8B44-B507CF072F4E}.Debug|Any CPU.Build.0 = Debug|Any CPU
		{9CDA0A1B-7206-4D30-8B44-B507CF072F4E}.Release|Any CPU.ActiveCfg = Release|Any CPU
		{9CDA0A1B-7206-4D30-8B44-B507CF072F4E}.Release|Any CPU.Build.0 = Release|Any CPU
	EndGlobalSection
EndGlobal
